# THIS IS AN AUTOGENERATED FILE. DO NOT EDIT THIS FILE DIRECTLY.
# yarn lockfile v1


esprima-walk@^0.1.0:
  version "0.1.0"
  resolved "https://registry.yarnpkg.com/esprima-walk/-/esprima-walk-0.1.0.tgz#953aab23d5b962822cf41dd82e58879334ba86fa"

esprima@^4.0.0:
  version "4.0.0"
  resolved "https://registry.yarnpkg.com/esprima/-/esprima-4.0.0.tgz#4499eddcd1110e0b218bacf2fa7f7f59f55ca804"

requireindex@~1.1.0:
  version "1.1.0"
  resolved "https://registry.yarnpkg.com/requireindex/-/requireindex-1.1.0.tgz#e5404b81557ef75db6e49c5a72004893fe03e162"
